
Microsoft Visual Studio Solution File, Format Version 12.00
# Visual Studio 15
VisualStudioVersion = 15.0.27130.0
MinimumVisualStudioVersion = 10.0.40219.1
Project("{FAE04EC0-301F-11D3-BF4B-00C04F79EFBC}") = "ConsoleApplication2", "ConsoleApplication2\ConsoleApplication2.csproj", "{2D8E16A4-34B6-4C20-9708-A0A8DB2FC55C}"
EndProject
Global
	GlobalSection(SolutionConfigurationPlatforms) = preSolution
		Debug|Any CPU = Debug|Any CPU
		Release|Any CPU = Release|Any CPU
	EndGlobalSection
	GlobalSection(ProjectConfigurationPlatforms) = postSolution
		{2D8E16A4-34B6-4C20-9708-A0A8DB2FC55C}.Debug|Any CPU.ActiveCfg = Debug|Any CPU
		{2D8E16A4-34B6-4C20-9708-A0A8DB2FC55C}.Debug|Any CPU.Build.0 = Debug|Any CPU
		{2D8E16A4-34B6-4C20-9708-A0A8DB2FC55C}.Release|Any CPU.ActiveCfg = Release|Any CPU
		{2D8E16A4-34B6-4C20-9708-A0A8DB2FC55C}.Release|Any CPU.Build.0 = Release|Any CPU
	EndGlobalSection
	GlobalSection(SolutionProperties) = preSolution
		HideSolutionNode = FALSE
	EndGlobalSection
	GlobalSection(ExtensibilityGlobals) = postSolution
		SolutionGuid = {A34050B1-C3D6-4A89-980E-C198C69EAD62}
	EndGlobalSection
EndGlobal
