
Microsoft Visual Studio Solution File, Format Version 12.00
# Visual Studio 15
VisualStudioVersion = 15.0.27130.0
MinimumVisualStudioVersion = 10.0.40219.1
Project("{FAE04EC0-301F-11D3-BF4B-00C04F79EFBC}") = "ConsoleApplication", "ConsoleApplication\ConsoleApplication.csproj", "{97978E1F-F211-4ACB-B625-7E60D3EF36FD}"
EndProject
Global
	GlobalSection(SolutionConfigurationPlatforms) = preSolution
		Debug|Any CPU = Debug|Any CPU
		Release|Any CPU = Release|Any CPU
	EndGlobalSection
	GlobalSection(ProjectConfigurationPlatforms) = postSolution
		{97978E1F-F211-4ACB-B625-7E60D3EF36FD}.Debug|Any CPU.ActiveCfg = Debug|Any CPU
		{97978E1F-F211-4ACB-B625-7E60D3EF36FD}.Debug|Any CPU.Build.0 = Debug|Any CPU
		{97978E1F-F211-4ACB-B625-7E60D3EF36FD}.Release|Any CPU.ActiveCfg = Release|Any CPU
		{97978E1F-F211-4ACB-B625-7E60D3EF36FD}.Release|Any CPU.Build.0 = Release|Any CPU
	EndGlobalSection
	GlobalSection(SolutionProperties) = preSolution
		HideSolutionNode = FALSE
	EndGlobalSection
	GlobalSection(ExtensibilityGlobals) = postSolution
		SolutionGuid = {9B9C69DB-F94B-4425-B6A6-F3A26ABB1476}
	EndGlobalSection
EndGlobal
